
Microsoft Visual Studio Solution File, Format Version 12.00
# Visual Studio 2013
VisualStudioVersion = 12.0.21005.1
MinimumVisualStudioVersion = 10.0.40219.1
Project("{FAE04EC0-301F-11D3-BF4B-00C04F79EFBC}") = "TranSPAaction", "TranSPAaction\TranSPAaction.csproj", "{E1BC7318-549F-4609-92C5-B5647C65BD46}"
EndProject
Project("{FAE04EC0-301F-11D3-BF4B-00C04F79EFBC}") = "Tests", "Tests\Tests.csproj", "{F59A3CB2-4D10-4B98-8F58-7ADD4141CFD4}"
EndProject
Global
	GlobalSection(SolutionConfigurationPlatforms) = preSolution
		Debug|Any CPU = Debug|Any CPU
		Release|Any CPU = Release|Any CPU
	EndGlobalSection
	GlobalSection(ProjectConfigurationPlatforms) = postSolution
		{E1BC7318-549F-4609-92C5-B5647C65BD46}.Debug|Any CPU.ActiveCfg = Debug|Any CPU
		{E1BC7318-549F-4609-92C5-B5647C65BD46}.Debug|Any CPU.Build.0 = Debug|Any CPU
		{E1BC7318-549F-4609-92C5-B5647C65BD46}.Release|Any CPU.ActiveCfg = Release|Any CPU
		{E1BC7318-549F-4609-92C5-B5647C65BD46}.Release|Any CPU.Build.0 = Release|Any CPU
		{F59A3CB2-4D10-4B98-8F58-7ADD4141CFD4}.Debug|Any CPU.ActiveCfg = Debug|Any CPU
		{F59A3CB2-4D10-4B98-8F58-7ADD4141CFD4}.Debug|Any CPU.Build.0 = Debug|Any CPU
		{F59A3CB2-4D10-4B98-8F58-7ADD4141CFD4}.Release|Any CPU.ActiveCfg = Release|Any CPU
		{F59A3CB2-4D10-4B98-8F58-7ADD4141CFD4}.Release|Any CPU.Build.0 = Release|Any CPU
	EndGlobalSection
	GlobalSection(SolutionProperties) = preSolution
		HideSolutionNode = FALSE
	EndGlobalSection
EndGlobal
